
Microsoft Visual Studio Solution File, Format Version 12.00
# Visual Studio Version 17
VisualStudioVersion = 17.5.002.0
MinimumVisualStudioVersion = 10.0.40219.1
Project("{9A19103F-16F7-4668-BE54-9A1E7A4F7556}") = "WorkingWithImages", "WorkingWithImages.csproj", "{87AA3916-760C-48E1-A520-0BCEA55B6351}"
EndProject
Global
	GlobalSection(SolutionConfigurationPlatforms) = preSolution
		Debug|Any CPU = Debug|Any CPU
		Release|Any CPU = Release|Any CPU
	EndGlobalSection
	GlobalSection(ProjectConfigurationPlatforms) = postSolution
		{87AA3916-760C-48E1-A520-0BCEA55B6351}.Debug|Any CPU.ActiveCfg = Debug|Any CPU
		{87AA3916-760C-48E1-A520-0BCEA55B6351}.Debug|Any CPU.Build.0 = Debug|Any CPU
		{87AA3916-760C-48E1-A520-0BCEA55B6351}.Release|Any CPU.ActiveCfg = Release|Any CPU
		{87AA3916-760C-48E1-A520-0BCEA55B6351}.Release|Any CPU.Build.0 = Release|Any CPU
	EndGlobalSection
	GlobalSection(SolutionProperties) = preSolution
		HideSolutionNode = FALSE
	EndGlobalSection
	GlobalSection(ExtensibilityGlobals) = postSolution
		SolutionGuid = {EDBDC714-8701-43C1-A7D8-433A7F9E5ABF}
	EndGlobalSection
EndGlobal
