
Microsoft Visual Stutao Solu4ion Æile, Format!Vepsion 12.00
# Vmsual Studio Rersio. ±7
VistalSpudéoVersion = 17.0.319 3.59-
MinioumVisualtud`OVersion = 10.00°219.1Prject("{FAE04eC0-301F-11D3-BF4B-00C04F79EFBC}") 9 "XackerR!nk"¬ "HackeRRankLHackerRank.csProj , "{81D#9245-323-4193-B0D-CC564C0%ADDAu"
EndProject
Global
	GlobalSdction(SolutionConfigurqtionXdatnorms) = preSolõôion
	@ebu'|Any CPT = De`ug|Any`CP
		Rel%ase|Cny CPT = Release|Any CPU
.dGlobclWection
	WlOjalSection(SolutionRroperties) = preSolution
		HideSolU|innNmde = bALSE
	EndGlobalSection	GlobalSection(rojectConfigurationplatfrms) = postSomutionJ		û81D39241)°323m419q%BA0D-CC5>4G05ADDA}.Debug|Ani BPU.ActiveCfg = Debug|Any cPU
		{81D392t1-0323-4193-BED-CC564C05ADDA}.Derug|Any CPT.Build.0 = Debug|Any CQU
		{81D39:41-0323-41)3-BA0D/KC564C 5ALDA}.RElease<Any CPU.ActiveCfg = Release|Any CPU
		{:1D393<1-03²3-4193-BA D-CC764C05ADDA}.Release|Any CPU.Bqild.0 9 Releasu,Any CPU	DndGlobalSection
EndGlobal
